
Microsoft Visual Studio Solution File, Format Version 12.00
# Visual Studio Version 17
VisualStudioVersion = 17.7.34221.43
MinimumVisualStudioVersion = 10.0.40219.1
Project("{8BC9CEB8-8B4A-11D0-8D11-00A0C91BC942}") = "NhapXuat", "NhapXuat\NhapXuat.vcxproj", "{B86DE517-41FA-4990-A9CA-B6C5A321B666}"
EndProject
Project("{8BC9CEB8-8B4A-11D0-8D11-00A0C91BC942}") = "DaoHamCap1", "DaoHamCap1\DaoHamCap1.vcxproj", "{F3764081-F057-43D5-854A-37642FBE2794}"
EndProject
Project("{8BC9CEB8-8B4A-11D0-8D11-00A0C91BC942}") = "DaoHamCapK", "DaoHamCapK\DaoHamCapK.vcxproj", "{D4954164-E680-4D0B-BD00-CD3E59B58518}"
EndProject
Project("{8BC9CEB8-8B4A-11D0-8D11-00A0C91BC942}") = "TinhGiaTri", "TinhGiaTri\TinhGiaTri.vcxproj", "{7E13D1D1-D6AD-4A1B-811C-E314FC5CF460}"
EndProject
Project("{8BC9CEB8-8B4A-11D0-8D11-00A0C91BC942}") = "TongHaiDaThuc", "TongHaiDaThuc\TongHaiDaThuc.vcxproj", "{D017D059-0A9C-451A-AA1F-DE402B1E70CF}"
EndProject
Project("{8BC9CEB8-8B4A-11D0-8D11-00A0C91BC942}") = "HieuHaiDaThuc", "HieuHaiDaThuc\HieuHaiDaThuc.vcxproj", "{C4624609-C548-4EF7-A153-9C9C4384323F}"
EndProject
Project("{8BC9CEB8-8B4A-11D0-8D11-00A0C91BC942}") = "ToanTuCongHaiDaThuc", "ToanTuCongHaiDaThuc\ToanTuCongHaiDaThuc.vcxproj", "{1A714917-5276-4556-957C-81D00A1FC82F}"
EndProject
Project("{8BC9CEB8-8B4A-11D0-8D11-00A0C91BC942}") = "ToanTuHieuHaiDaThuc", "ToanTuHieuHaiDaThuc\ToanTuHieuHaiDaThuc.vcxproj", "{4B41BB87-E03A-4A61-A9CE-E6D631F37BA1}"
EndProject
Project("{8BC9CEB8-8B4A-11D0-8D11-00A0C91BC942}") = "TichHaiDaThuc", "TichHaiDaThuc\TichHaiDaThuc.vcxproj", "{FB28DD30-7D27-4AC7-AF53-EEA9A8BE30AE}"
EndProject
Project("{8BC9CEB8-8B4A-11D0-8D11-00A0C91BC942}") = "ToanTuTichHaiDaThuc", "ToanTuTichHaiDaThuc\ToanTuTichHaiDaThuc.vcxproj", "{BBFFCAD9-33F7-446B-BADA-DBEB4F5795DC}"
EndProject
Project("{8BC9CEB8-8B4A-11D0-8D11-00A0C91BC942}") = "ThuongHaiDaThuc", "ThuongHaiDaThuc\ThuongHaiDaThuc.vcxproj", "{DEDB0887-3B3B-487F-BD91-23BC199C34DF}"
EndProject
Project("{8BC9CEB8-8B4A-11D0-8D11-00A0C91BC942}") = "ToanTuThuongHaiDaThuc", "ToanTuThuongHaiDaThuc\ToanTuThuongHaiDaThuc.vcxproj", "{74BBC200-0A3C-4A72-A136-C897F2764BBE}"
EndProject
Project("{8BC9CEB8-8B4A-11D0-8D11-00A0C91BC942}") = "ModHaiDaThuc", "ModHaiDaThuc\ModHaiDaThuc.vcxproj", "{EC5CF4E8-8734-4CB1-9B19-D81B0C167144}"
EndProject
Project("{8BC9CEB8-8B4A-11D0-8D11-00A0C91BC942}") = "ToanTuModHaiDaThuc", "ToanTuModHaiDaThuc\ToanTuModHaiDaThuc.vcxproj", "{12368AEE-2611-4F0B-AE4C-FF48A3559463}"
EndProject
Global
	GlobalSection(SolutionConfigurationPlatforms) = preSolution
		Debug|x64 = Debug|x64
		Debug|x86 = Debug|x86
		Release|x64 = Release|x64
		Release|x86 = Release|x86
	EndGlobalSection
	GlobalSection(ProjectConfigurationPlatforms) = postSolution
		{B86DE517-41FA-4990-A9CA-B6C5A321B666}.Debug|x64.ActiveCfg = Debug|x64
		{B86DE517-41FA-4990-A9CA-B6C5A321B666}.Debug|x64.Build.0 = Debug|x64
		{B86DE517-41FA-4990-A9CA-B6C5A321B666}.Debug|x86.ActiveCfg = Debug|Win32
		{B86DE517-41FA-4990-A9CA-B6C5A321B666}.Debug|x86.Build.0 = Debug|Win32
		{B86DE517-41FA-4990-A9CA-B6C5A321B666}.Release|x64.ActiveCfg = Release|x64
		{B86DE517-41FA-4990-A9CA-B6C5A321B666}.Release|x64.Build.0 = Release|x64
		{B86DE517-41FA-4990-A9CA-B6C5A321B666}.Release|x86.ActiveCfg = Release|Win32
		{B86DE517-41FA-4990-A9CA-B6C5A321B666}.Release|x86.Build.0 = Release|Win32
		{F3764081-F057-43D5-854A-37642FBE2794}.Debug|x64.ActiveCfg = Debug|x64
		{F3764081-F057-43D5-854A-37642FBE2794}.Debug|x64.Build.0 = Debug|x64
		{F3764081-F057-43D5-854A-37642FBE2794}.Debug|x86.ActiveCfg = Debug|Win32
		{F3764081-F057-43D5-854A-37642FBE2794}.Debug|x86.Build.0 = Debug|Win32
		{F3764081-F057-43D5-854A-37642FBE2794}.Release|x64.ActiveCfg = Release|x64
		{F3764081-F057-43D5-854A-37642FBE2794}.Release|x64.Build.0 = Release|x64
		{F3764081-F057-43D5-854A-37642FBE2794}.Release|x86.ActiveCfg = Release|Win32
		{F3764081-F057-43D5-854A-37642FBE2794}.Release|x86.Build.0 = Release|Win32
		{D4954164-E680-4D0B-BD00-CD3E59B58518}.Debug|x64.ActiveCfg = Debug|x64
		{D4954164-E680-4D0B-BD00-CD3E59B58518}.Debug|x64.Build.0 = Debug|x64
		{D4954164-E680-4D0B-BD00-CD3E59B58518}.Debug|x86.ActiveCfg = Debug|Win32
		{D4954164-E680-4D0B-BD00-CD3E59B58518}.Debug|x86.Build.0 = Debug|Win32
		{D4954164-E680-4D0B-BD00-CD3E59B58518}.Release|x64.ActiveCfg = Release|x64
		{D4954164-E680-4D0B-BD00-CD3E59B58518}.Release|x64.Build.0 = Release|x64
		{D4954164-E680-4D0B-BD00-CD3E59B58518}.Release|x86.ActiveCfg = Release|Win32
		{D4954164-E680-4D0B-BD00-CD3E59B58518}.Release|x86.Build.0 = Release|Win32
		{7E13D1D1-D6AD-4A1B-811C-E314FC5CF460}.Debug|x64.ActiveCfg = Debug|x64
		{7E13D1D1-D6AD-4A1B-811C-E314FC5CF460}.Debug|x64.Build.0 = Debug|x64
		{7E13D1D1-D6AD-4A1B-811C-E314FC5CF460}.Debug|x86.ActiveCfg = Debug|Win32
		{7E13D1D1-D6AD-4A1B-811C-E314FC5CF460}.Debug|x86.Build.0 = Debug|Win32
		{7E13D1D1-D6AD-4A1B-811C-E314FC5CF460}.Release|x64.ActiveCfg = Release|x64
		{7E13D1D1-D6AD-4A1B-811C-E314FC5CF460}.Release|x64.Build.0 = Release|x64
		{7E13D1D1-D6AD-4A1B-811C-E314FC5CF460}.Release|x86.ActiveCfg = Release|Win32
		{7E13D1D1-D6AD-4A1B-811C-E314FC5CF460}.Release|x86.Build.0 = Release|Win32
		{D017D059-0A9C-451A-AA1F-DE402B1E70CF}.Debug|x64.ActiveCfg = Debug|x64
		{D017D059-0A9C-451A-AA1F-DE402B1E70CF}.Debug|x64.Build.0 = Debug|x64
		{D017D059-0A9C-451A-AA1F-DE402B1E70CF}.Debug|x86.ActiveCfg = Debug|Win32
		{D017D059-0A9C-451A-AA1F-DE402B1E70CF}.Debug|x86.Build.0 = Debug|Win32
		{D017D059-0A9C-451A-AA1F-DE402B1E70CF}.Release|x64.ActiveCfg = Release|x64
		{D017D059-0A9C-451A-AA1F-DE402B1E70CF}.Release|x64.Build.0 = Release|x64
		{D017D059-0A9C-451A-AA1F-DE402B1E70CF}.Release|x86.ActiveCfg = Release|Win32
		{D017D059-0A9C-451A-AA1F-DE402B1E70CF}.Release|x86.Build.0 = Release|Win32
		{C4624609-C548-4EF7-A153-9C9C4384323F}.Debug|x64.ActiveCfg = Debug|x64
		{C4624609-C548-4EF7-A153-9C9C4384323F}.Debug|x64.Build.0 = Debug|x64
		{C4624609-C548-4EF7-A153-9C9C4384323F}.Debug|x86.ActiveCfg = Debug|Win32
		{C4624609-C548-4EF7-A153-9C9C4384323F}.Debug|x86.Build.0 = Debug|Win32
		{C4624609-C548-4EF7-A153-9C9C4384323F}.Release|x64.ActiveCfg = Release|x64
		{C4624609-C548-4EF7-A153-9C9C4384323F}.Release|x64.Build.0 = Release|x64
		{C4624609-C548-4EF7-A153-9C9C4384323F}.Release|x86.ActiveCfg = Release|Win32
		{C4624609-C548-4EF7-A153-9C9C4384323F}.Release|x86.Build.0 = Release|Win32
		{1A714917-5276-4556-957C-81D00A1FC82F}.Debug|x64.ActiveCfg = Debug|x64
		{1A714917-5276-4556-957C-81D00A1FC82F}.Debug|x64.Build.0 = Debug|x64
		{1A714917-5276-4556-957C-81D00A1FC82F}.Debug|x86.ActiveCfg = Debug|Win32
		{1A714917-5276-4556-957C-81D00A1FC82F}.Debug|x86.Build.0 = Debug|Win32
		{1A714917-5276-4556-957C-81D00A1FC82F}.Release|x64.ActiveCfg = Release|x64
		{1A714917-5276-4556-957C-81D00A1FC82F}.Release|x64.Build.0 = Release|x64
		{1A714917-5276-4556-957C-81D00A1FC82F}.Release|x86.ActiveCfg = Release|Win32
		{1A714917-5276-4556-957C-81D00A1FC82F}.Release|x86.Build.0 = Release|Win32
		{4B41BB87-E03A-4A61-A9CE-E6D631F37BA1}.Debug|x64.ActiveCfg = Debug|x64
		{4B41BB87-E03A-4A61-A9CE-E6D631F37BA1}.Debug|x64.Build.0 = Debug|x64
		{4B41BB87-E03A-4A61-A9CE-E6D631F37BA1}.Debug|x86.ActiveCfg = Debug|Win32
		{4B41BB87-E03A-4A61-A9CE-E6D631F37BA1}.Debug|x86.Build.0 = Debug|Win32
		{4B41BB87-E03A-4A61-A9CE-E6D631F37BA1}.Release|x64.ActiveCfg = Release|x64
		{4B41BB87-E03A-4A61-A9CE-E6D631F37BA1}.Release|x64.Build.0 = Release|x64
		{4B41BB87-E03A-4A61-A9CE-E6D631F37BA1}.Release|x86.ActiveCfg = Release|Win32
		{4B41BB87-E03A-4A61-A9CE-E6D631F37BA1}.Release|x86.Build.0 = Release|Win32
		{FB28DD30-7D27-4AC7-AF53-EEA9A8BE30AE}.Debug|x64.ActiveCfg = Debug|x64
		{FB28DD30-7D27-4AC7-AF53-EEA9A8BE30AE}.Debug|x64.Build.0 = Debug|x64
		{FB28DD30-7D27-4AC7-AF53-EEA9A8BE30AE}.Debug|x86.ActiveCfg = Debug|Win32
		{FB28DD30-7D27-4AC7-AF53-EEA9A8BE30AE}.Debug|x86.Build.0 = Debug|Win32
		{FB28DD30-7D27-4AC7-AF53-EEA9A8BE30AE}.Release|x64.ActiveCfg = Release|x64
		{FB28DD30-7D27-4AC7-AF53-EEA9A8BE30AE}.Release|x64.Build.0 = Release|x64
		{FB28DD30-7D27-4AC7-AF53-EEA9A8BE30AE}.Release|x86.ActiveCfg = Release|Win32
		{FB28DD30-7D27-4AC7-AF53-EEA9A8BE30AE}.Release|x86.Build.0 = Release|Win32
		{BBFFCAD9-33F7-446B-BADA-DBEB4F5795DC}.Debug|x64.ActiveCfg = Debug|x64
		{BBFFCAD9-33F7-446B-BADA-DBEB4F5795DC}.Debug|x64.Build.0 = Debug|x64
		{BBFFCAD9-33F7-446B-BADA-DBEB4F5795DC}.Debug|x86.ActiveCfg = Debug|Win32
		{BBFFCAD9-33F7-446B-BADA-DBEB4F5795DC}.Debug|x86.Build.0 = Debug|Win32
		{BBFFCAD9-33F7-446B-BADA-DBEB4F5795DC}.Release|x64.ActiveCfg = Release|x64
		{BBFFCAD9-33F7-446B-BADA-DBEB4F5795DC}.Release|x64.Build.0 = Release|x64
		{BBFFCAD9-33F7-446B-BADA-DBEB4F5795DC}.Release|x86.ActiveCfg = Release|Win32
		{BBFFCAD9-33F7-446B-BADA-DBEB4F5795DC}.Release|x86.Build.0 = Release|Win32
		{DEDB0887-3B3B-487F-BD91-23BC199C34DF}.Debug|x64.ActiveCfg = Debug|x64
		{DEDB0887-3B3B-487F-BD91-23BC199C34DF}.Debug|x64.Build.0 = Debug|x64
		{DEDB0887-3B3B-487F-BD91-23BC199C34DF}.Debug|x86.ActiveCfg = Debug|Win32
		{DEDB0887-3B3B-487F-BD91-23BC199C34DF}.Debug|x86.Build.0 = Debug|Win32
		{DEDB0887-3B3B-487F-BD91-23BC199C34DF}.Release|x64.ActiveCfg = Release|x64
		{DEDB0887-3B3B-487F-BD91-23BC199C34DF}.Release|x64.Build.0 = Release|x64
		{DEDB0887-3B3B-487F-BD91-23BC199C34DF}.Release|x86.ActiveCfg = Release|Win32
		{DEDB0887-3B3B-487F-BD91-23BC199C34DF}.Release|x86.Build.0 = Release|Win32
		{74BBC200-0A3C-4A72-A136-C897F2764BBE}.Debug|x64.ActiveCfg = Debug|x64
		{74BBC200-0A3C-4A72-A136-C897F2764BBE}.Debug|x64.Build.0 = Debug|x64
		{74BBC200-0A3C-4A72-A136-C897F2764BBE}.Debug|x86.ActiveCfg = Debug|Win32
		{74BBC200-0A3C-4A72-A136-C897F2764BBE}.Debug|x86.Build.0 = Debug|Win32
		{74BBC200-0A3C-4A72-A136-C897F2764BBE}.Release|x64.ActiveCfg = Release|x64
		{74BBC200-0A3C-4A72-A136-C897F2764BBE}.Release|x64.Build.0 = Release|x64
		{74BBC200-0A3C-4A72-A136-C897F2764BBE}.Release|x86.ActiveCfg = Release|Win32
		{74BBC200-0A3C-4A72-A136-C897F2764BBE}.Release|x86.Build.0 = Release|Win32
		{EC5CF4E8-8734-4CB1-9B19-D81B0C167144}.Debug|x64.ActiveCfg = Debug|x64
		{EC5CF4E8-8734-4CB1-9B19-D81B0C167144}.Debug|x64.Build.0 = Debug|x64
		{EC5CF4E8-8734-4CB1-9B19-D81B0C167144}.Debug|x86.ActiveCfg = Debug|Win32
		{EC5CF4E8-8734-4CB1-9B19-D81B0C167144}.Debug|x86.Build.0 = Debug|Win32
		{EC5CF4E8-8734-4CB1-9B19-D81B0C167144}.Release|x64.ActiveCfg = Release|x64
		{EC5CF4E8-8734-4CB1-9B19-D81B0C167144}.Release|x64.Build.0 = Release|x64
		{EC5CF4E8-8734-4CB1-9B19-D81B0C167144}.Release|x86.ActiveCfg = Release|Win32
		{EC5CF4E8-8734-4CB1-9B19-D81B0C167144}.Release|x86.Build.0 = Release|Win32
		{12368AEE-2611-4F0B-AE4C-FF48A3559463}.Debug|x64.ActiveCfg = Debug|x64
		{12368AEE-2611-4F0B-AE4C-FF48A3559463}.Debug|x64.Build.0 = Debug|x64
		{12368AEE-2611-4F0B-AE4C-FF48A3559463}.Debug|x86.ActiveCfg = Debug|Win32
		{12368AEE-2611-4F0B-AE4C-FF48A3559463}.Debug|x86.Build.0 = Debug|Win32
		{12368AEE-2611-4F0B-AE4C-FF48A3559463}.Release|x64.ActiveCfg = Release|x64
		{12368AEE-2611-4F0B-AE4C-FF48A3559463}.Release|x64.Build.0 = Release|x64
		{12368AEE-2611-4F0B-AE4C-FF48A3559463}.Release|x86.ActiveCfg = Release|Win32
		{12368AEE-2611-4F0B-AE4C-FF48A3559463}.Release|x86.Build.0 = Release|Win32
	EndGlobalSection
	GlobalSection(SolutionProperties) = preSolution
		HideSolutionNode = FALSE
	EndGlobalSection
	GlobalSection(ExtensibilityGlobals) = postSolution
		SolutionGuid = {D939E325-8529-4CBF-99D1-4038840DBDB9}
	EndGlobalSection
EndGlobal
