
Microsoft Visual Studio Solution File, Format Version 12.00
# Visual Studio Version 17
VisualStudioVersion = 17.7.34221.43
MinimumVisualStudioVersion = 10.0.40219.1
Project("{8BC9CEB8-8B4A-11D0-8D11-00A0C91BC942}") = "NhapXuat", "NhapXuat\NhapXuat.vcxproj", "{50CAAA4E-06C5-40D9-AB5F-09FEF37149DF}"
EndProject
Project("{8BC9CEB8-8B4A-11D0-8D11-00A0C91BC942}") = "RutGon", "RutGon\RutGon.vcxproj", "{A97CDFA0-A653-48A0-9FFF-CAAC93244ED9}"
EndProject
Project("{8BC9CEB8-8B4A-11D0-8D11-00A0C91BC942}") = "Tong", "Tong\Tong.vcxproj", "{537ACA65-9804-43A2-AF39-A3E5BD5278E1}"
EndProject
Project("{8BC9CEB8-8B4A-11D0-8D11-00A0C91BC942}") = "Hieu", "Hieu\Hieu.vcxproj", "{9C2553A1-79FA-417B-B37F-4654307BDE3A}"
EndProject
Project("{8BC9CEB8-8B4A-11D0-8D11-00A0C91BC942}") = "Tich", "Tich\Tich.vcxproj", "{8B5781DD-F499-424E-8583-5F3756A49185}"
EndProject
Project("{8BC9CEB8-8B4A-11D0-8D11-00A0C91BC942}") = "Thuong", "Thuong\Thuong.vcxproj", "{C4631BFD-4B39-4F02-BE77-C3A2E20DE3CE}"
EndProject
Project("{8BC9CEB8-8B4A-11D0-8D11-00A0C91BC942}") = "KtToiGian", "KtToiGian\KtToiGian.vcxproj", "{8C20AB55-6175-4CF5-9E48-A01E1A1EEB1B}"
EndProject
Project("{8BC9CEB8-8B4A-11D0-8D11-00A0C91BC942}") = "KtDuong", "KtDuong\KtDuong.vcxproj", "{DA14B6C5-3AB9-41CA-8BD4-6FD78DA053E9}"
EndProject
Project("{8BC9CEB8-8B4A-11D0-8D11-00A0C91BC942}") = "KtAm", "KtAm\KtAm.vcxproj", "{8717580C-2553-47FD-B2C4-BA4B4CE504EC}"
EndProject
Project("{8BC9CEB8-8B4A-11D0-8D11-00A0C91BC942}") = "QuiDongMau", "QuiDongMau\QuiDongMau.vcxproj", "{B9FE34BF-C28E-4C66-84DD-E1BB842B358C}"
EndProject
Project("{8BC9CEB8-8B4A-11D0-8D11-00A0C91BC942}") = "SoSanh", "SoSanh\SoSanh.vcxproj", "{CC1B668B-641E-40D2-8CF8-FE828701C002}"
EndProject
Project("{8BC9CEB8-8B4A-11D0-8D11-00A0C91BC942}") = "ToanTuCong", "ToanTuCong\ToanTuCong.vcxproj", "{F88AC8F8-5420-438D-8837-762F16D4374B}"
EndProject
Project("{8BC9CEB8-8B4A-11D0-8D11-00A0C91BC942}") = "ToanTuTru", "ToanTuTru\ToanTuTru.vcxproj", "{0CA2F871-897B-4A9E-A9CC-0A971C3C8E33}"
EndProject
Project("{8BC9CEB8-8B4A-11D0-8D11-00A0C91BC942}") = "ToanTuNhan", "ToanTuNhan\ToanTuNhan.vcxproj", "{A8516AA5-3FBD-4C0F-A7AA-4070CC1F73AA}"
EndProject
Project("{8BC9CEB8-8B4A-11D0-8D11-00A0C91BC942}") = "ToanTuChia", "ToanTuChia\ToanTuChia.vcxproj", "{B5421EC9-81C3-4069-A0A5-A833A4BF9CCA}"
EndProject
Global
	GlobalSection(SolutionConfigurationPlatforms) = preSolution
		Debug|x64 = Debug|x64
		Debug|x86 = Debug|x86
		Release|x64 = Release|x64
		Release|x86 = Release|x86
	EndGlobalSection
	GlobalSection(ProjectConfigurationPlatforms) = postSolution
		{50CAAA4E-06C5-40D9-AB5F-09FEF37149DF}.Debug|x64.ActiveCfg = Debug|x64
		{50CAAA4E-06C5-40D9-AB5F-09FEF37149DF}.Debug|x64.Build.0 = Debug|x64
		{50CAAA4E-06C5-40D9-AB5F-09FEF37149DF}.Debug|x86.ActiveCfg = Debug|Win32
		{50CAAA4E-06C5-40D9-AB5F-09FEF37149DF}.Debug|x86.Build.0 = Debug|Win32
		{50CAAA4E-06C5-40D9-AB5F-09FEF37149DF}.Release|x64.ActiveCfg = Release|x64
		{50CAAA4E-06C5-40D9-AB5F-09FEF37149DF}.Release|x64.Build.0 = Release|x64
		{50CAAA4E-06C5-40D9-AB5F-09FEF37149DF}.Release|x86.ActiveCfg = Release|Win32
		{50CAAA4E-06C5-40D9-AB5F-09FEF37149DF}.Release|x86.Build.0 = Release|Win32
		{A97CDFA0-A653-48A0-9FFF-CAAC93244ED9}.Debug|x64.ActiveCfg = Debug|x64
		{A97CDFA0-A653-48A0-9FFF-CAAC93244ED9}.Debug|x64.Build.0 = Debug|x64
		{A97CDFA0-A653-48A0-9FFF-CAAC93244ED9}.Debug|x86.ActiveCfg = Debug|Win32
		{A97CDFA0-A653-48A0-9FFF-CAAC93244ED9}.Debug|x86.Build.0 = Debug|Win32
		{A97CDFA0-A653-48A0-9FFF-CAAC93244ED9}.Release|x64.ActiveCfg = Release|x64
		{A97CDFA0-A653-48A0-9FFF-CAAC93244ED9}.Release|x64.Build.0 = Release|x64
		{A97CDFA0-A653-48A0-9FFF-CAAC93244ED9}.Release|x86.ActiveCfg = Release|Win32
		{A97CDFA0-A653-48A0-9FFF-CAAC93244ED9}.Release|x86.Build.0 = Release|Win32
		{537ACA65-9804-43A2-AF39-A3E5BD5278E1}.Debug|x64.ActiveCfg = Debug|x64
		{537ACA65-9804-43A2-AF39-A3E5BD5278E1}.Debug|x64.Build.0 = Debug|x64
		{537ACA65-9804-43A2-AF39-A3E5BD5278E1}.Debug|x86.ActiveCfg = Debug|Win32
		{537ACA65-9804-43A2-AF39-A3E5BD5278E1}.Debug|x86.Build.0 = Debug|Win32
		{537ACA65-9804-43A2-AF39-A3E5BD5278E1}.Release|x64.ActiveCfg = Release|x64
		{537ACA65-9804-43A2-AF39-A3E5BD5278E1}.Release|x64.Build.0 = Release|x64
		{537ACA65-9804-43A2-AF39-A3E5BD5278E1}.Release|x86.ActiveCfg = Release|Win32
		{537ACA65-9804-43A2-AF39-A3E5BD5278E1}.Release|x86.Build.0 = Release|Win32
		{9C2553A1-79FA-417B-B37F-4654307BDE3A}.Debug|x64.ActiveCfg = Debug|x64
		{9C2553A1-79FA-417B-B37F-4654307BDE3A}.Debug|x64.Build.0 = Debug|x64
		{9C2553A1-79FA-417B-B37F-4654307BDE3A}.Debug|x86.ActiveCfg = Debug|Win32
		{9C2553A1-79FA-417B-B37F-4654307BDE3A}.Debug|x86.Build.0 = Debug|Win32
		{9C2553A1-79FA-417B-B37F-4654307BDE3A}.Release|x64.ActiveCfg = Release|x64
		{9C2553A1-79FA-417B-B37F-4654307BDE3A}.Release|x64.Build.0 = Release|x64
		{9C2553A1-79FA-417B-B37F-4654307BDE3A}.Release|x86.ActiveCfg = Release|Win32
		{9C2553A1-79FA-417B-B37F-4654307BDE3A}.Release|x86.Build.0 = Release|Win32
		{8B5781DD-F499-424E-8583-5F3756A49185}.Debug|x64.ActiveCfg = Debug|x64
		{8B5781DD-F499-424E-8583-5F3756A49185}.Debug|x64.Build.0 = Debug|x64
		{8B5781DD-F499-424E-8583-5F3756A49185}.Debug|x86.ActiveCfg = Debug|Win32
		{8B5781DD-F499-424E-8583-5F3756A49185}.Debug|x86.Build.0 = Debug|Win32
		{8B5781DD-F499-424E-8583-5F3756A49185}.Release|x64.ActiveCfg = Release|x64
		{8B5781DD-F499-424E-8583-5F3756A49185}.Release|x64.Build.0 = Release|x64
		{8B5781DD-F499-424E-8583-5F3756A49185}.Release|x86.ActiveCfg = Release|Win32
		{8B5781DD-F499-424E-8583-5F3756A49185}.Release|x86.Build.0 = Release|Win32
		{C4631BFD-4B39-4F02-BE77-C3A2E20DE3CE}.Debug|x64.ActiveCfg = Debug|x64
		{C4631BFD-4B39-4F02-BE77-C3A2E20DE3CE}.Debug|x64.Build.0 = Debug|x64
		{C4631BFD-4B39-4F02-BE77-C3A2E20DE3CE}.Debug|x86.ActiveCfg = Debug|Win32
		{C4631BFD-4B39-4F02-BE77-C3A2E20DE3CE}.Debug|x86.Build.0 = Debug|Win32
		{C4631BFD-4B39-4F02-BE77-C3A2E20DE3CE}.Release|x64.ActiveCfg = Release|x64
		{C4631BFD-4B39-4F02-BE77-C3A2E20DE3CE}.Release|x64.Build.0 = Release|x64
		{C4631BFD-4B39-4F02-BE77-C3A2E20DE3CE}.Release|x86.ActiveCfg = Release|Win32
		{C4631BFD-4B39-4F02-BE77-C3A2E20DE3CE}.Release|x86.Build.0 = Release|Win32
		{8C20AB55-6175-4CF5-9E48-A01E1A1EEB1B}.Debug|x64.ActiveCfg = Debug|x64
		{8C20AB55-6175-4CF5-9E48-A01E1A1EEB1B}.Debug|x64.Build.0 = Debug|x64
		{8C20AB55-6175-4CF5-9E48-A01E1A1EEB1B}.Debug|x86.ActiveCfg = Debug|Win32
		{8C20AB55-6175-4CF5-9E48-A01E1A1EEB1B}.Debug|x86.Build.0 = Debug|Win32
		{8C20AB55-6175-4CF5-9E48-A01E1A1EEB1B}.Release|x64.ActiveCfg = Release|x64
		{8C20AB55-6175-4CF5-9E48-A01E1A1EEB1B}.Release|x64.Build.0 = Release|x64
		{8C20AB55-6175-4CF5-9E48-A01E1A1EEB1B}.Release|x86.ActiveCfg = Release|Win32
		{8C20AB55-6175-4CF5-9E48-A01E1A1EEB1B}.Release|x86.Build.0 = Release|Win32
		{DA14B6C5-3AB9-41CA-8BD4-6FD78DA053E9}.Debug|x64.ActiveCfg = Debug|x64
		{DA14B6C5-3AB9-41CA-8BD4-6FD78DA053E9}.Debug|x64.Build.0 = Debug|x64
		{DA14B6C5-3AB9-41CA-8BD4-6FD78DA053E9}.Debug|x86.ActiveCfg = Debug|Win32
		{DA14B6C5-3AB9-41CA-8BD4-6FD78DA053E9}.Debug|x86.Build.0 = Debug|Win32
		{DA14B6C5-3AB9-41CA-8BD4-6FD78DA053E9}.Release|x64.ActiveCfg = Release|x64
		{DA14B6C5-3AB9-41CA-8BD4-6FD78DA053E9}.Release|x64.Build.0 = Release|x64
		{DA14B6C5-3AB9-41CA-8BD4-6FD78DA053E9}.Release|x86.ActiveCfg = Release|Win32
		{DA14B6C5-3AB9-41CA-8BD4-6FD78DA053E9}.Release|x86.Build.0 = Release|Win32
		{8717580C-2553-47FD-B2C4-BA4B4CE504EC}.Debug|x64.ActiveCfg = Debug|x64
		{8717580C-2553-47FD-B2C4-BA4B4CE504EC}.Debug|x64.Build.0 = Debug|x64
		{8717580C-2553-47FD-B2C4-BA4B4CE504EC}.Debug|x86.ActiveCfg = Debug|Win32
		{8717580C-2553-47FD-B2C4-BA4B4CE504EC}.Debug|x86.Build.0 = Debug|Win32
		{8717580C-2553-47FD-B2C4-BA4B4CE504EC}.Release|x64.ActiveCfg = Release|x64
		{8717580C-2553-47FD-B2C4-BA4B4CE504EC}.Release|x64.Build.0 = Release|x64
		{8717580C-2553-47FD-B2C4-BA4B4CE504EC}.Release|x86.ActiveCfg = Release|Win32
		{8717580C-2553-47FD-B2C4-BA4B4CE504EC}.Release|x86.Build.0 = Release|Win32
		{B9FE34BF-C28E-4C66-84DD-E1BB842B358C}.Debug|x64.ActiveCfg = Debug|x64
		{B9FE34BF-C28E-4C66-84DD-E1BB842B358C}.Debug|x64.Build.0 = Debug|x64
		{B9FE34BF-C28E-4C66-84DD-E1BB842B358C}.Debug|x86.ActiveCfg = Debug|Win32
		{B9FE34BF-C28E-4C66-84DD-E1BB842B358C}.Debug|x86.Build.0 = Debug|Win32
		{B9FE34BF-C28E-4C66-84DD-E1BB842B358C}.Release|x64.ActiveCfg = Release|x64
		{B9FE34BF-C28E-4C66-84DD-E1BB842B358C}.Release|x64.Build.0 = Release|x64
		{B9FE34BF-C28E-4C66-84DD-E1BB842B358C}.Release|x86.ActiveCfg = Release|Win32
		{B9FE34BF-C28E-4C66-84DD-E1BB842B358C}.Release|x86.Build.0 = Release|Win32
		{CC1B668B-641E-40D2-8CF8-FE828701C002}.Debug|x64.ActiveCfg = Debug|x64
		{CC1B668B-641E-40D2-8CF8-FE828701C002}.Debug|x64.Build.0 = Debug|x64
		{CC1B668B-641E-40D2-8CF8-FE828701C002}.Debug|x86.ActiveCfg = Debug|Win32
		{CC1B668B-641E-40D2-8CF8-FE828701C002}.Debug|x86.Build.0 = Debug|Win32
		{CC1B668B-641E-40D2-8CF8-FE828701C002}.Release|x64.ActiveCfg = Release|x64
		{CC1B668B-641E-40D2-8CF8-FE828701C002}.Release|x64.Build.0 = Release|x64
		{CC1B668B-641E-40D2-8CF8-FE828701C002}.Release|x86.ActiveCfg = Release|Win32
		{CC1B668B-641E-40D2-8CF8-FE828701C002}.Release|x86.Build.0 = Release|Win32
		{F88AC8F8-5420-438D-8837-762F16D4374B}.Debug|x64.ActiveCfg = Debug|x64
		{F88AC8F8-5420-438D-8837-762F16D4374B}.Debug|x64.Build.0 = Debug|x64
		{F88AC8F8-5420-438D-8837-762F16D4374B}.Debug|x86.ActiveCfg = Debug|Win32
		{F88AC8F8-5420-438D-8837-762F16D4374B}.Debug|x86.Build.0 = Debug|Win32
		{F88AC8F8-5420-438D-8837-762F16D4374B}.Release|x64.ActiveCfg = Release|x64
		{F88AC8F8-5420-438D-8837-762F16D4374B}.Release|x64.Build.0 = Release|x64
		{F88AC8F8-5420-438D-8837-762F16D4374B}.Release|x86.ActiveCfg = Release|Win32
		{F88AC8F8-5420-438D-8837-762F16D4374B}.Release|x86.Build.0 = Release|Win32
		{0CA2F871-897B-4A9E-A9CC-0A971C3C8E33}.Debug|x64.ActiveCfg = Debug|x64
		{0CA2F871-897B-4A9E-A9CC-0A971C3C8E33}.Debug|x64.Build.0 = Debug|x64
		{0CA2F871-897B-4A9E-A9CC-0A971C3C8E33}.Debug|x86.ActiveCfg = Debug|Win32
		{0CA2F871-897B-4A9E-A9CC-0A971C3C8E33}.Debug|x86.Build.0 = Debug|Win32
		{0CA2F871-897B-4A9E-A9CC-0A971C3C8E33}.Release|x64.ActiveCfg = Release|x64
		{0CA2F871-897B-4A9E-A9CC-0A971C3C8E33}.Release|x64.Build.0 = Release|x64
		{0CA2F871-897B-4A9E-A9CC-0A971C3C8E33}.Release|x86.ActiveCfg = Release|Win32
		{0CA2F871-897B-4A9E-A9CC-0A971C3C8E33}.Release|x86.Build.0 = Release|Win32
		{A8516AA5-3FBD-4C0F-A7AA-4070CC1F73AA}.Debug|x64.ActiveCfg = Debug|x64
		{A8516AA5-3FBD-4C0F-A7AA-4070CC1F73AA}.Debug|x64.Build.0 = Debug|x64
		{A8516AA5-3FBD-4C0F-A7AA-4070CC1F73AA}.Debug|x86.ActiveCfg = Debug|Win32
		{A8516AA5-3FBD-4C0F-A7AA-4070CC1F73AA}.Debug|x86.Build.0 = Debug|Win32
		{A8516AA5-3FBD-4C0F-A7AA-4070CC1F73AA}.Release|x64.ActiveCfg = Release|x64
		{A8516AA5-3FBD-4C0F-A7AA-4070CC1F73AA}.Release|x64.Build.0 = Release|x64
		{A8516AA5-3FBD-4C0F-A7AA-4070CC1F73AA}.Release|x86.ActiveCfg = Release|Win32
		{A8516AA5-3FBD-4C0F-A7AA-4070CC1F73AA}.Release|x86.Build.0 = Release|Win32
		{B5421EC9-81C3-4069-A0A5-A833A4BF9CCA}.Debug|x64.ActiveCfg = Debug|x64
		{B5421EC9-81C3-4069-A0A5-A833A4BF9CCA}.Debug|x64.Build.0 = Debug|x64
		{B5421EC9-81C3-4069-A0A5-A833A4BF9CCA}.Debug|x86.ActiveCfg = Debug|Win32
		{B5421EC9-81C3-4069-A0A5-A833A4BF9CCA}.Debug|x86.Build.0 = Debug|Win32
		{B5421EC9-81C3-4069-A0A5-A833A4BF9CCA}.Release|x64.ActiveCfg = Release|x64
		{B5421EC9-81C3-4069-A0A5-A833A4BF9CCA}.Release|x64.Build.0 = Release|x64
		{B5421EC9-81C3-4069-A0A5-A833A4BF9CCA}.Release|x86.ActiveCfg = Release|Win32
		{B5421EC9-81C3-4069-A0A5-A833A4BF9CCA}.Release|x86.Build.0 = Release|Win32
	EndGlobalSection
	GlobalSection(SolutionProperties) = preSolution
		HideSolutionNode = FALSE
	EndGlobalSection
	GlobalSection(ExtensibilityGlobals) = postSolution
		SolutionGuid = {E590823A-3957-4F5F-B1CC-97AE1ECE5772}
	EndGlobalSection
EndGlobal
